PODS:
  - CocoaLumberjack (3.2.1):
    - CocoaLumberjack/Default (= 3.2.1)
    - CocoaLumberjack/Extensions (= 3.2.1)
  - CocoaLumberjack/Default (3.2.1)
  - CocoaLumberjack/Extensions (3.2.1):
    - CocoaLumberjack/Default
  - DBAttachmentPickerController (1.1.4)
  - INTUAnimationEngine (1.4.2):
    - INTUAnimationEngine/SpringSolver (= 1.4.2)
  - INTUAnimationEngine/SpringSolver (1.4.2)
  - ReactiveObjC (3.0.0)
  - YapDatabase (3.0.1):
    - YapDatabase/Standard (= 3.0.1)
  - YapDatabase/Standard (3.0.1):
    - YapDatabase/Standard/Core (= 3.0.1)
    - YapDatabase/Standard/Extensions (= 3.0.1)
  - YapDatabase/Standard/Core (3.0.1):
    - CocoaLumberjack
  - YapDatabase/Standard/Extensions (3.0.1):
    - YapDatabase/Standard/Core
    - YapDatabase/Standard/Extensions/ActionManager (= 3.0.1)
    - YapDatabase/Standard/Extensions/AutoView (= 3.0.1)
    - YapDatabase/Standard/Extensions/CloudCore (= 3.0.1)
    - YapDatabase/Standard/Extensions/CloudKit (= 3.0.1)
    - YapDatabase/Standard/Extensions/ConnectionProxy (= 3.0.1)
    - YapDatabase/Standard/Extensions/CrossProcessNotification (= 3.0.1)
    - YapDatabase/Standard/Extensions/FilteredView (= 3.0.1)
    - YapDatabase/Standard/Extensions/FullTextSearch (= 3.0.1)
    - YapDatabase/Standard/Extensions/Hooks (= 3.0.1)
    - YapDatabase/Standard/Extensions/ManualView (= 3.0.1)
    - YapDatabase/Standard/Extensions/Relationships (= 3.0.1)
    - YapDatabase/Standard/Extensions/RTreeIndex (= 3.0.1)
    - YapDatabase/Standard/Extensions/SearchResultsView (= 3.0.1)
    - YapDatabase/Standard/Extensions/SecondaryIndex (= 3.0.1)
    - YapDatabase/Standard/Extensions/View (= 3.0.1)
  - YapDatabase/Standard/Extensions/ActionManager (3.0.1):
    - YapDatabase/Standard/Core
    - YapDatabase/Standard/Extensions/AutoView
  - YapDatabase/Standard/Extensions/AutoView (3.0.1):
    - YapDatabase/Standard/Core
    - YapDatabase/Standard/Extensions/View
  - YapDatabase/Standard/Extensions/CloudCore (3.0.1):
    - YapDatabase/Standard/Core
  - YapDatabase/Standard/Extensions/CloudKit (3.0.1):
    - YapDatabase/Standard/Core
  - YapDatabase/Standard/Extensions/ConnectionProxy (3.0.1):
    - YapDatabase/Standard/Core
  - YapDatabase/Standard/Extensions/CrossProcessNotification (3.0.1):
    - YapDatabase/Standard/Core
  - YapDatabase/Standard/Extensions/FilteredView (3.0.1):
    - YapDatabase/Standard/Core
    - YapDatabase/Standard/Extensions/View
  - YapDatabase/Standard/Extensions/FullTextSearch (3.0.1):
    - YapDatabase/Standard/Core
  - YapDatabase/Standard/Extensions/Hooks (3.0.1):
    - YapDatabase/Standard/Core
  - YapDatabase/Standard/Extensions/ManualView (3.0.1):
    - YapDatabase/Standard/Core
    - YapDatabase/Standard/Extensions/View
  - YapDatabase/Standard/Extensions/Relationships (3.0.1):
    - YapDatabase/Standard/Core
  - YapDatabase/Standard/Extensions/RTreeIndex (3.0.1):
    - YapDatabase/Standard/Core
  - YapDatabase/Standard/Extensions/SearchResultsView (3.0.1):
    - YapDatabase/Standard/Core
    - YapDatabase/Standard/Extensions/AutoView
    - YapDatabase/Standard/Extensions/FullTextSearch
  - YapDatabase/Standard/Extensions/SecondaryIndex (3.0.1):
    - YapDatabase/Standard/Core
  - YapDatabase/Standard/Extensions/View (3.0.1):
    - YapDatabase/Standard/Core

DEPENDENCIES:
  - DBAttachmentPickerController
  - INTUAnimationEngine
  - ReactiveObjC
  - YapDatabase

SPEC CHECKSUMS:
  CocoaLumberjack: 2800c03334042fe80589423c8d80e582dcaec482
  DBAttachmentPickerController: 9b3c5f84a9e4530da6d9e098c710f2152957c31e
  INTUAnimationEngine: 3a7d63738cd51af573d16848a771feedea7cc9f2
  ReactiveObjC: ce79989e8684b9086b5f8d0c74bc7b81a8729c9e
  YapDatabase: 69ca88a2dfee305fde4412cf670c76f75aa7ccd0

PODFILE CHECKSUM: f19b77a1d69c018d9af194a8db1ef0be043681be

COCOAPODS: 1.3.1
