// !$*UTF8*$!
{
	archiveVersion = 1;
	classes = {
	};
	objectVersion = 46;
	objects = {

/* Begin PBXBuildFile section */
		2BBFB902938026834DD2D326 /* libPods-MVChat.a in Frameworks */ = {isa = PBXBuildFile; fileRef = AEC3AB225764E67979931D23 /* libPods-MVChat.a */; };
		CD0503621F27D20700A1C4D2 /* MVContactsListController.m in Sources */ = {isa = PBXBuildFile; fileRef = CD0503611F27D20700A1C4D2 /* MVContactsListController.m */; };
		CD0503661F27D2F300A1C4D2 /* MVContactsListCell.m in Sources */ = {isa = PBXBuildFile; fileRef = CD0503651F27D2F300A1C4D2 /* MVContactsListCell.m */; };
		CD0550851F0573E50076FB25 /* MVJsonHelper.m in Sources */ = {isa = PBXBuildFile; fileRef = CD0550841F0573E50076FB25 /* MVJsonHelper.m */; };
		CD05508A1F06E8110076FB25 /* MVDatabaseManager.m in Sources */ = {isa = PBXBuildFile; fileRef = CD0550891F06E8110076FB25 /* MVDatabaseManager.m */; };
		CD05508D1F07F67B0076FB25 /* NSObject+Serialization.m in Sources */ = {isa = PBXBuildFile; fileRef = CD05508C1F07F67B0076FB25 /* NSObject+Serialization.m */; };
		CD0550901F0938D90076FB25 /* MVNameGenerator.m in Sources */ = {isa = PBXBuildFile; fileRef = CD05508F1F0938D90076FB25 /* MVNameGenerator.m */; };
		CD0550951F0939E60076FB25 /* name.csv in Resources */ = {isa = PBXBuildFile; fileRef = CD0550921F0939E60076FB25 /* name.csv */; };
		CD0550961F0939E60076FB25 /* syllable.csv in Resources */ = {isa = PBXBuildFile; fileRef = CD0550931F0939E60076FB25 /* syllable.csv */; };
		CD0550971F0939E60076FB25 /* title.csv in Resources */ = {isa = PBXBuildFile; fileRef = CD0550941F0939E60076FB25 /* title.csv */; };
		CD05509A1F0951B70076FB25 /* MVTextGenerator.m in Sources */ = {isa = PBXBuildFile; fileRef = CD0550991F0951B70076FB25 /* MVTextGenerator.m */; };
		CD05F6841F2A631500721421 /* MVChatsListSearchViewController.m in Sources */ = {isa = PBXBuildFile; fileRef = CD05F6831F2A631500721421 /* MVChatsListSearchViewController.m */; };
		CD05F6871F2A8B9200721421 /* MVNavigationController.m in Sources */ = {isa = PBXBuildFile; fileRef = CD05F6861F2A8B9200721421 /* MVNavigationController.m */; };
		CD05F68A1F2A8BC900721421 /* MVTabBarController.m in Sources */ = {isa = PBXBuildFile; fileRef = CD05F6891F2A8BC900721421 /* MVTabBarController.m */; };
		CD05F68D1F2B67DD00721421 /* MVChatsListSearchCollectionViewCell.m in Sources */ = {isa = PBXBuildFile; fileRef = CD05F68C1F2B67DD00721421 /* MVChatsListSearchCollectionViewCell.m */; };
		CD2048A61EC4F17C00EDDFA8 /* MVChatModel.m in Sources */ = {isa = PBXBuildFile; fileRef = CD2048A51EC4F17C00EDDFA8 /* MVChatModel.m */; };
		CD28B34A1EB6A5F800BFFCAA /* AppDelegate.m in Sources */ = {isa = PBXBuildFile; fileRef = CD28B3491EB6A5F800BFFCAA /* AppDelegate.m */; };
		CD28B34F1EB6A61000BFFCAA /* LaunchScreen.storyboard in Resources */ = {isa = PBXBuildFile; fileRef = CD28B34B1EB6A61000BFFCAA /* LaunchScreen.storyboard */; };
		CD28B3501EB6A61000BFFCAA /* Main.storyboard in Resources */ = {isa = PBXBuildFile; fileRef = CD28B34D1EB6A61000BFFCAA /* Main.storyboard */; };
		CD28B3601EB6A63300BFFCAA /* MVChatManager.m in Sources */ = {isa = PBXBuildFile; fileRef = CD28B35B1EB6A63300BFFCAA /* MVChatManager.m */; };
		CD28B3611EB6A63300BFFCAA /* MVContactModel.m in Sources */ = {isa = PBXBuildFile; fileRef = CD28B35D1EB6A63300BFFCAA /* MVContactModel.m */; };
		CD28B3621EB6A63300BFFCAA /* MVMessageModel.m in Sources */ = {isa = PBXBuildFile; fileRef = CD28B35F1EB6A63300BFFCAA /* MVMessageModel.m */; };
		CD28B38F1EB7E1D100BFFCAA /* MVMessageHeader.m in Sources */ = {isa = PBXBuildFile; fileRef = CD28B38E1EB7E1D100BFFCAA /* MVMessageHeader.m */; };
		CD28B3961EBCA72E00BFFCAA /* MVContactManager.m in Sources */ = {isa = PBXBuildFile; fileRef = CD28B3951EBCA72E00BFFCAA /* MVContactManager.m */; };
		CD2C9F841F3F421600BB38DA /* MVChatSettingsViewController.m in Sources */ = {isa = PBXBuildFile; fileRef = CD2C9F831F3F421600BB38DA /* MVChatSettingsViewController.m */; };
		CD4059831F4B168D00808D3A /* MVSystemMessageCell.m in Sources */ = {isa = PBXBuildFile; fileRef = CD4059821F4B168D00808D3A /* MVSystemMessageCell.m */; };
		CD61CF9F1F2E2C9D00A5884D /* MVTableViewHeader.m in Sources */ = {isa = PBXBuildFile; fileRef = CD61CF9E1F2E2C9D00A5884D /* MVTableViewHeader.m */; };
		CD61CFA21F2E3A0000A5884D /* MVContactsListSearchViewController.m in Sources */ = {isa = PBXBuildFile; fileRef = CD61CFA11F2E3A0000A5884D /* MVContactsListSearchViewController.m */; };
		CD6C2A3F1EC609F00007BA05 /* MVRandomGenerator.m in Sources */ = {isa = PBXBuildFile; fileRef = CD6C2A3E1EC609F00007BA05 /* MVRandomGenerator.m */; };
		CD6C2A4E1EC61A640007BA05 /* MVChatsListViewController.m in Sources */ = {isa = PBXBuildFile; fileRef = CD6C2A4D1EC61A640007BA05 /* MVChatsListViewController.m */; };
		CD6FAF691F45EE70001E110C /* MVContactProfileViewController.m in Sources */ = {isa = PBXBuildFile; fileRef = CD6FAF681F45EE70001E110C /* MVContactProfileViewController.m */; };
		CDAB09871E7DE2D800A142DC /* main.m in Sources */ = {isa = PBXBuildFile; fileRef = CDAB09861E7DE2D800A142DC /* main.m */; };
		CDAB09921E7DE2D800A142DC /* Assets.xcassets in Resources */ = {isa = PBXBuildFile; fileRef = CDAB09911E7DE2D800A142DC /* Assets.xcassets */; };
		CDB89D3A1F2242DB0024BFDB /* MVChatsListCell.m in Sources */ = {isa = PBXBuildFile; fileRef = CDB89D391F2242DB0024BFDB /* MVChatsListCell.m */; };
		CDB97CE01F43522800950F6A /* MVFileManager.m in Sources */ = {isa = PBXBuildFile; fileRef = CDB97CDF1F43522800950F6A /* MVFileManager.m */; };
		CDE957951F1A7B64007AE7EA /* MVDataAggregator.m in Sources */ = {isa = PBXBuildFile; fileRef = CDE957941F1A7B64007AE7EA /* MVDataAggregator.m */; };
		CDF479AF1EB66C00003B3C8E /* MVChatViewController.m in Sources */ = {isa = PBXBuildFile; fileRef = CDF479AE1EB66C00003B3C8E /* MVChatViewController.m */; };
		CDF479B41EB68980003B3C8E /* MVMessagesViewController.m in Sources */ = {isa = PBXBuildFile; fileRef = CDF479B31EB68980003B3C8E /* MVMessagesViewController.m */; };
		CDF479B71EB68AAF003B3C8E /* MVFooterViewController.m in Sources */ = {isa = PBXBuildFile; fileRef = CDF479B61EB68AAF003B3C8E /* MVFooterViewController.m */; };
		CDF479C51EB6993A003B3C8E /* MVMessageCell.m in Sources */ = {isa = PBXBuildFile; fileRef = CDF479C41EB6993A003B3C8E /* MVMessageCell.m */; };
/* End PBXBuildFile section */

/* Begin PBXFileReference section */
		65B8EC006E287C9438A32E98 /* Pods-MVChat.release.xcconfig */ = {isa = PBXFileReference; includeInIndex = 1; lastKnownFileType = text.xcconfig; name = "Pods-MVChat.release.xcconfig"; path = "Pods/Target Support Files/Pods-MVChat/Pods-MVChat.release.xcconfig"; sourceTree = "<group>"; };
		8C95387DB1A2847D8AC2786A /* Pods-MVChat.debug.xcconfig */ = {isa = PBXFileReference; includeInIndex = 1; lastKnownFileType = text.xcconfig; name = "Pods-MVChat.debug.xcconfig"; path = "Pods/Target Support Files/Pods-MVChat/Pods-MVChat.debug.xcconfig"; sourceTree = "<group>"; };
		AEC3AB225764E67979931D23 /* libPods-MVChat.a */ = {isa = PBXFileReference; explicitFileType = archive.ar; includeInIndex = 0; path = "libPods-MVChat.a"; sourceTree = BUILT_PRODUCTS_DIR; };
		CD0503601F27D20700A1C4D2 /* MVContactsListController.h */ = {isa = PBXFileReference; fileEncoding = 4; lastKnownFileType = sourcecode.c.h; path = MVContactsListController.h; sourceTree = "<group>"; };
		CD0503611F27D20700A1C4D2 /* MVContactsListController.m */ = {isa = PBXFileReference; fileEncoding = 4; lastKnownFileType = sourcecode.c.objc; path = MVContactsListController.m; sourceTree = "<group>"; };
		CD0503641F27D2F300A1C4D2 /* MVContactsListCell.h */ = {isa = PBXFileReference; fileEncoding = 4; lastKnownFileType = sourcecode.c.h; path = MVContactsListCell.h; sourceTree = "<group>"; };
		CD0503651F27D2F300A1C4D2 /* MVContactsListCell.m */ = {isa = PBXFileReference; fileEncoding = 4; lastKnownFileType = sourcecode.c.objc; path = MVContactsListCell.m; sourceTree = "<group>"; };
		CD0550831F0573E50076FB25 /* MVJsonHelper.h */ = {isa = PBXFileReference; fileEncoding = 4; lastKnownFileType = sourcecode.c.h; path = MVJsonHelper.h; sourceTree = "<group>"; };
		CD0550841F0573E50076FB25 /* MVJsonHelper.m */ = {isa = PBXFileReference; fileEncoding = 4; lastKnownFileType = sourcecode.c.objc; path = MVJsonHelper.m; sourceTree = "<group>"; };
		CD0550881F06E8110076FB25 /* MVDatabaseManager.h */ = {isa = PBXFileReference; fileEncoding = 4; lastKnownFileType = sourcecode.c.h; path = MVDatabaseManager.h; sourceTree = "<group>"; };
		CD0550891F06E8110076FB25 /* MVDatabaseManager.m */ = {isa = PBXFileReference; fileEncoding = 4; lastKnownFileType = sourcecode.c.objc; path = MVDatabaseManager.m; sourceTree = "<group>"; };
		CD05508B1F07F67B0076FB25 /* NSObject+Serialization.h */ = {isa = PBXFileReference; fileEncoding = 4; lastKnownFileType = sourcecode.c.h; path = "NSObject+Serialization.h"; sourceTree = "<group>"; };
		CD05508C1F07F67B0076FB25 /* NSObject+Serialization.m */ = {isa = PBXFileReference; fileEncoding = 4; lastKnownFileType = sourcecode.c.objc; path = "NSObject+Serialization.m"; sourceTree = "<group>"; };
		CD05508E1F0938D90076FB25 /* MVNameGenerator.h */ = {isa = PBXFileReference; fileEncoding = 4; lastKnownFileType = sourcecode.c.h; path = MVNameGenerator.h; sourceTree = "<group>"; };
		CD05508F1F0938D90076FB25 /* MVNameGenerator.m */ = {isa = PBXFileReference; fileEncoding = 4; lastKnownFileType = sourcecode.c.objc; path = MVNameGenerator.m; sourceTree = "<group>"; };
		CD0550921F0939E60076FB25 /* name.csv */ = {isa = PBXFileReference; fileEncoding = 4; lastKnownFileType = text; name = name.csv; path = "../../../../Downloads/NameGen-master/name.csv"; sourceTree = "<group>"; };
		CD0550931F0939E60076FB25 /* syllable.csv */ = {isa = PBXFileReference; fileEncoding = 4; lastKnownFileType = text; name = syllable.csv; path = "../../../../Downloads/NameGen-master/syllable.csv"; sourceTree = "<group>"; };
		CD0550941F0939E60076FB25 /* title.csv */ = {isa = PBXFileReference; fileEncoding = 4; lastKnownFileType = text; name = title.csv; path = "../../../../Downloads/NameGen-master/title.csv"; sourceTree = "<group>"; };
		CD0550981F0951B70076FB25 /* MVTextGenerator.h */ = {isa = PBXFileReference; fileEncoding = 4; lastKnownFileType = sourcecode.c.h; path = MVTextGenerator.h; sourceTree = "<group>"; };
		CD0550991F0951B70076FB25 /* MVTextGenerator.m */ = {isa = PBXFileReference; fileEncoding = 4; lastKnownFileType = sourcecode.c.objc; path = MVTextGenerator.m; sourceTree = "<group>"; };
		CD05F6821F2A631500721421 /* MVChatsListSearchViewController.h */ = {isa = PBXFileReference; fileEncoding = 4; lastKnownFileType = sourcecode.c.h; path = MVChatsListSearchViewController.h; sourceTree = "<group>"; };
		CD05F6831F2A631500721421 /* MVChatsListSearchViewController.m */ = {isa = PBXFileReference; fileEncoding = 4; lastKnownFileType = sourcecode.c.objc; path = MVChatsListSearchViewController.m; sourceTree = "<group>"; };
		CD05F6851F2A8B9200721421 /* MVNavigationController.h */ = {isa = PBXFileReference; fileEncoding = 4; lastKnownFileType = sourcecode.c.h; path = MVNavigationController.h; sourceTree = "<group>"; };
		CD05F6861F2A8B9200721421 /* MVNavigationController.m */ = {isa = PBXFileReference; fileEncoding = 4; lastKnownFileType = sourcecode.c.objc; path = MVNavigationController.m; sourceTree = "<group>"; };
		CD05F6881F2A8BC900721421 /* MVTabBarController.h */ = {isa = PBXFileReference; fileEncoding = 4; lastKnownFileType = sourcecode.c.h; path = MVTabBarController.h; sourceTree = "<group>"; };
		CD05F6891F2A8BC900721421 /* MVTabBarController.m */ = {isa = PBXFileReference; fileEncoding = 4; lastKnownFileType = sourcecode.c.objc; path = MVTabBarController.m; sourceTree = "<group>"; };
		CD05F68B1F2B67DD00721421 /* MVChatsListSearchCollectionViewCell.h */ = {isa = PBXFileReference; fileEncoding = 4; lastKnownFileType = sourcecode.c.h; path = MVChatsListSearchCollectionViewCell.h; sourceTree = "<group>"; };
		CD05F68C1F2B67DD00721421 /* MVChatsListSearchCollectionViewCell.m */ = {isa = PBXFileReference; fileEncoding = 4; lastKnownFileType = sourcecode.c.objc; path = MVChatsListSearchCollectionViewCell.m; sourceTree = "<group>"; };
		CD2048A41EC4F17C00EDDFA8 /* MVChatModel.h */ = {isa = PBXFileReference; fileEncoding = 4; lastKnownFileType = sourcecode.c.h; path = MVChatModel.h; sourceTree = "<group>"; };
		CD2048A51EC4F17C00EDDFA8 /* MVChatModel.m */ = {isa = PBXFileReference; fileEncoding = 4; lastKnownFileType = sourcecode.c.objc; path = MVChatModel.m; sourceTree = "<group>"; };
		CD28B3481EB6A5F800BFFCAA /* AppDelegate.h */ = {isa = PBXFileReference; fileEncoding = 4; lastKnownFileType = sourcecode.c.h; path = AppDelegate.h; sourceTree = "<group>"; };
		CD28B3491EB6A5F800BFFCAA /* AppDelegate.m */ = {isa = PBXFileReference; fileEncoding = 4; lastKnownFileType = sourcecode.c.objc; path = AppDelegate.m; sourceTree = "<group>"; };
		CD28B34C1EB6A61000BFFCAA /* Base */ = {isa = PBXFileReference; lastKnownFileType = file.storyboard; name = Base; path = Base.lproj/LaunchScreen.storyboard; sourceTree = "<group>"; };
		CD28B34E1EB6A61000BFFCAA /* Base */ = {isa = PBXFileReference; lastKnownFileType = file.storyboard; name = Base; path = Base.lproj/Main.storyboard; sourceTree = "<group>"; };
		CD28B35A1EB6A63300BFFCAA /* MVChatManager.h */ = {isa = PBXFileReference; fileEncoding = 4; lastKnownFileType = sourcecode.c.h; path = MVChatManager.h; sourceTree = "<group>"; };
		CD28B35B1EB6A63300BFFCAA /* MVChatManager.m */ = {isa = PBXFileReference; fileEncoding = 4; lastKnownFileType = sourcecode.c.objc; path = MVChatManager.m; sourceTree = "<group>"; };
		CD28B35C1EB6A63300BFFCAA /* MVContactModel.h */ = {isa = PBXFileReference; fileEncoding = 4; lastKnownFileType = sourcecode.c.h; path = MVContactModel.h; sourceTree = "<group>"; };
		CD28B35D1EB6A63300BFFCAA /* MVContactModel.m */ = {isa = PBXFileReference; fileEncoding = 4; lastKnownFileType = sourcecode.c.objc; path = MVContactModel.m; sourceTree = "<group>"; };
		CD28B35E1EB6A63300BFFCAA /* MVMessageModel.h */ = {isa = PBXFileReference; fileEncoding = 4; lastKnownFileType = sourcecode.c.h; path = MVMessageModel.h; sourceTree = "<group>"; };
		CD28B35F1EB6A63300BFFCAA /* MVMessageModel.m */ = {isa = PBXFileReference; fileEncoding = 4; lastKnownFileType = sourcecode.c.objc; path = MVMessageModel.m; sourceTree = "<group>"; };
		CD28B3671EB7694700BFFCAA /* MVSlidingCell.h */ = {isa = PBXFileReference; fileEncoding = 4; lastKnownFileType = sourcecode.c.h; path = MVSlidingCell.h; sourceTree = "<group>"; };
		CD28B38D1EB7E1D100BFFCAA /* MVMessageHeader.h */ = {isa = PBXFileReference; fileEncoding = 4; lastKnownFileType = sourcecode.c.h; path = MVMessageHeader.h; sourceTree = "<group>"; };
		CD28B38E1EB7E1D100BFFCAA /* MVMessageHeader.m */ = {isa = PBXFileReference; fileEncoding = 4; lastKnownFileType = sourcecode.c.objc; path = MVMessageHeader.m; sourceTree = "<group>"; };
		CD28B3941EBCA72E00BFFCAA /* MVContactManager.h */ = {isa = PBXFileReference; fileEncoding = 4; lastKnownFileType = sourcecode.c.h; path = MVContactManager.h; sourceTree = "<group>"; };
		CD28B3951EBCA72E00BFFCAA /* MVContactManager.m */ = {isa = PBXFileReference; fileEncoding = 4; lastKnownFileType = sourcecode.c.objc; path = MVContactManager.m; sourceTree = "<group>"; };
		CD2C9F821F3F421600BB38DA /* MVChatSettingsViewController.h */ = {isa = PBXFileReference; fileEncoding = 4; lastKnownFileType = sourcecode.c.h; path = MVChatSettingsViewController.h; sourceTree = "<group>"; };
		CD2C9F831F3F421600BB38DA /* MVChatSettingsViewController.m */ = {isa = PBXFileReference; fileEncoding = 4; lastKnownFileType = sourcecode.c.objc; path = MVChatSettingsViewController.m; sourceTree = "<group>"; };
		CD4059811F4B168D00808D3A /* MVSystemMessageCell.h */ = {isa = PBXFileReference; fileEncoding = 4; lastKnownFileType = sourcecode.c.h; path = MVSystemMessageCell.h; sourceTree = "<group>"; };
		CD4059821F4B168D00808D3A /* MVSystemMessageCell.m */ = {isa = PBXFileReference; fileEncoding = 4; lastKnownFileType = sourcecode.c.objc; path = MVSystemMessageCell.m; sourceTree = "<group>"; };
		CD61CF9D1F2E2C9D00A5884D /* MVTableViewHeader.h */ = {isa = PBXFileReference; fileEncoding = 4; lastKnownFileType = sourcecode.c.h; path = MVTableViewHeader.h; sourceTree = "<group>"; };
		CD61CF9E1F2E2C9D00A5884D /* MVTableViewHeader.m */ = {isa = PBXFileReference; fileEncoding = 4; lastKnownFileType = sourcecode.c.objc; path = MVTableViewHeader.m; sourceTree = "<group>"; };
		CD61CFA01F2E3A0000A5884D /* MVContactsListSearchViewController.h */ = {isa = PBXFileReference; fileEncoding = 4; lastKnownFileType = sourcecode.c.h; path = MVContactsListSearchViewController.h; sourceTree = "<group>"; };
		CD61CFA11F2E3A0000A5884D /* MVContactsListSearchViewController.m */ = {isa = PBXFileReference; fileEncoding = 4; lastKnownFileType = sourcecode.c.objc; path = MVContactsListSearchViewController.m; sourceTree = "<group>"; };
		CD61CFA31F2E3A6A00A5884D /* MVSearchProviderDelegate.h */ = {isa = PBXFileReference; fileEncoding = 4; lastKnownFileType = sourcecode.c.h; path = MVSearchProviderDelegate.h; sourceTree = "<group>"; };
		CD6C2A3D1EC609F00007BA05 /* MVRandomGenerator.h */ = {isa = PBXFileReference; fileEncoding = 4; lastKnownFileType = sourcecode.c.h; path = MVRandomGenerator.h; sourceTree = "<group>"; };
		CD6C2A3E1EC609F00007BA05 /* MVRandomGenerator.m */ = {isa = PBXFileReference; fileEncoding = 4; lastKnownFileType = sourcecode.c.objc; path = MVRandomGenerator.m; sourceTree = "<group>"; };
		CD6C2A451EC60BA60007BA05 /* libsqlite3.tbd */ = {isa = PBXFileReference; lastKnownFileType = "sourcecode.text-based-dylib-definition"; name = libsqlite3.tbd; path = usr/lib/libsqlite3.tbd; sourceTree = SDKROOT; };
		CD6C2A4C1EC61A640007BA05 /* MVChatsListViewController.h */ = {isa = PBXFileReference; fileEncoding = 4; lastKnownFileType = sourcecode.c.h; path = MVChatsListViewController.h; sourceTree = "<group>"; };
		CD6C2A4D1EC61A640007BA05 /* MVChatsListViewController.m */ = {isa = PBXFileReference; fileEncoding = 4; lastKnownFileType = sourcecode.c.objc; path = MVChatsListViewController.m; sourceTree = "<group>"; };
		CD6FAF671F45EE70001E110C /* MVContactProfileViewController.h */ = {isa = PBXFileReference; fileEncoding = 4; lastKnownFileType = sourcecode.c.h; path = MVContactProfileViewController.h; sourceTree = "<group>"; };
		CD6FAF681F45EE70001E110C /* MVContactProfileViewController.m */ = {isa = PBXFileReference; fileEncoding = 4; lastKnownFileType = sourcecode.c.objc; path = MVContactProfileViewController.m; sourceTree = "<group>"; };
		CDAB09821E7DE2D800A142DC /* MVChat.app */ = {isa = PBXFileReference; explicitFileType = wrapper.application; includeInIndex = 0; path = MVChat.app; sourceTree = BUILT_PRODUCTS_DIR; };
		CDAB09861E7DE2D800A142DC /* main.m */ = {isa = PBXFileReference; lastKnownFileType = sourcecode.c.objc; path = main.m; sourceTree = "<group>"; };
		CDAB09911E7DE2D800A142DC /* Assets.xcassets */ = {isa = PBXFileReference; lastKnownFileType = folder.assetcatalog; path = Assets.xcassets; sourceTree = "<group>"; };
		CDAB09961E7DE2D800A142DC /* Info.plist */ = {isa = PBXFileReference; lastKnownFileType = text.plist.xml; path = Info.plist; sourceTree = "<group>"; };
		CDB89D381F2242DB0024BFDB /* MVChatsListCell.h */ = {isa = PBXFileReference; fileEncoding = 4; lastKnownFileType = sourcecode.c.h; path = MVChatsListCell.h; sourceTree = "<group>"; };
		CDB89D391F2242DB0024BFDB /* MVChatsListCell.m */ = {isa = PBXFileReference; fileEncoding = 4; lastKnownFileType = sourcecode.c.objc; path = MVChatsListCell.m; sourceTree = "<group>"; };
		CDB97CDE1F43522800950F6A /* MVFileManager.h */ = {isa = PBXFileReference; fileEncoding = 4; lastKnownFileType = sourcecode.c.h; path = MVFileManager.h; sourceTree = "<group>"; };
		CDB97CDF1F43522800950F6A /* MVFileManager.m */ = {isa = PBXFileReference; fileEncoding = 4; lastKnownFileType = sourcecode.c.objc; path = MVFileManager.m; sourceTree = "<group>"; };
		CDE957931F1A7B64007AE7EA /* MVDataAggregator.h */ = {isa = PBXFileReference; fileEncoding = 4; lastKnownFileType = sourcecode.c.h; path = MVDataAggregator.h; sourceTree = "<group>"; };
		CDE957941F1A7B64007AE7EA /* MVDataAggregator.m */ = {isa = PBXFileReference; fileEncoding = 4; lastKnownFileType = sourcecode.c.objc; path = MVDataAggregator.m; sourceTree = "<group>"; };
		CDF479AD1EB66C00003B3C8E /* MVChatViewController.h */ = {isa = PBXFileReference; fileEncoding = 4; lastKnownFileType = sourcecode.c.h; path = MVChatViewController.h; sourceTree = "<group>"; };
		CDF479AE1EB66C00003B3C8E /* MVChatViewController.m */ = {isa = PBXFileReference; fileEncoding = 4; lastKnownFileType = sourcecode.c.objc; path = MVChatViewController.m; sourceTree = "<group>"; };
		CDF479B21EB68980003B3C8E /* MVMessagesViewController.h */ = {isa = PBXFileReference; fileEncoding = 4; lastKnownFileType = sourcecode.c.h; path = MVMessagesViewController.h; sourceTree = "<group>"; };
		CDF479B31EB68980003B3C8E /* MVMessagesViewController.m */ = {isa = PBXFileReference; fileEncoding = 4; lastKnownFileType = sourcecode.c.objc; path = MVMessagesViewController.m; sourceTree = "<group>"; };
		CDF479B51EB68AAF003B3C8E /* MVFooterViewController.h */ = {isa = PBXFileReference; fileEncoding = 4; lastKnownFileType = sourcecode.c.h; path = MVFooterViewController.h; sourceTree = "<group>"; };
		CDF479B61EB68AAF003B3C8E /* MVFooterViewController.m */ = {isa = PBXFileReference; fileEncoding = 4; lastKnownFileType = sourcecode.c.objc; path = MVFooterViewController.m; sourceTree = "<group>"; };
		CDF479C31EB6993A003B3C8E /* MVMessageCell.h */ = {isa = PBXFileReference; fileEncoding = 4; lastKnownFileType = sourcecode.c.h; path = MVMessageCell.h; sourceTree = "<group>"; };
		CDF479C41EB6993A003B3C8E /* MVMessageCell.m */ = {isa = PBXFileReference; fileEncoding = 4; lastKnownFileType = sourcecode.c.objc; path = MVMessageCell.m; sourceTree = "<group>"; };
/* End PBXFileReference section */

/* Begin PBXFrameworksBuildPhase section */
		CDAB097F1E7DE2D800A142DC /* Frameworks */ = {
			isa = PBXFrameworksBuildPhase;
			buildActionMask = 2147483647;
			files = (
				2BBFB902938026834DD2D326 /* libPods-MVChat.a in Frameworks */,
			);
			runOnlyForDeploymentPostprocessing = 0;
		};
/* End PBXFrameworksBuildPhase section */

/* Begin PBXGroup section */
		CD0503631F27D20D00A1C4D2 /* Contacts List */ = {
			isa = PBXGroup;
			children = (
				CD0503601F27D20700A1C4D2 /* MVContactsListController.h */,
				CD0503611F27D20700A1C4D2 /* MVContactsListController.m */,
				CD61CFA01F2E3A0000A5884D /* MVContactsListSearchViewController.h */,
				CD61CFA11F2E3A0000A5884D /* MVContactsListSearchViewController.m */,
			);
			name = "Contacts List";
			sourceTree = "<group>";
		};
		CD0503671F27D2FB00A1C4D2 /* Contacts List */ = {
			isa = PBXGroup;
			children = (
				CD0503641F27D2F300A1C4D2 /* MVContactsListCell.h */,
				CD0503651F27D2F300A1C4D2 /* MVContactsListCell.m */,
			);
			name = "Contacts List";
			sourceTree = "<group>";
		};
		CD0550911F0938DD0076FB25 /* Text generators */ = {
			isa = PBXGroup;
			children = (
				CD05508E1F0938D90076FB25 /* MVNameGenerator.h */,
				CD05508F1F0938D90076FB25 /* MVNameGenerator.m */,
				CD0550981F0951B70076FB25 /* MVTextGenerator.h */,
				CD0550991F0951B70076FB25 /* MVTextGenerator.m */,
			);
			name = "Text generators";
			sourceTree = "<group>";
		};
		CD6C2A401EC609F90007BA05 /* Helpers */ = {
			isa = PBXGroup;
			children = (
				CD6C2A3D1EC609F00007BA05 /* MVRandomGenerator.h */,
				CD6C2A3E1EC609F00007BA05 /* MVRandomGenerator.m */,
				CD0550831F0573E50076FB25 /* MVJsonHelper.h */,
				CD0550841F0573E50076FB25 /* MVJsonHelper.m */,
				CD05508B1F07F67B0076FB25 /* NSObject+Serialization.h */,
				CD05508C1F07F67B0076FB25 /* NSObject+Serialization.m */,
				CD0550911F0938DD0076FB25 /* Text generators */,
				CDE957931F1A7B64007AE7EA /* MVDataAggregator.h */,
				CDE957941F1A7B64007AE7EA /* MVDataAggregator.m */,
			);
			name = Helpers;
			sourceTree = "<group>";
		};
		CD6C2A441EC60BA60007BA05 /* Frameworks */ = {
			isa = PBXGroup;
			children = (
				CD6C2A451EC60BA60007BA05 /* libsqlite3.tbd */,
				AEC3AB225764E67979931D23 /* libPods-MVChat.a */,
			);
			name = Frameworks;
			sourceTree = "<group>";
		};
		CDAB09791E7DE2D800A142DC = {
			isa = PBXGroup;
			children = (
				CDAB09841E7DE2D800A142DC /* MVChat */,
				CDAB09831E7DE2D800A142DC /* Products */,
				CD6C2A441EC60BA60007BA05 /* Frameworks */,
				E3E3FBD0C3B75998100C9D3B /* Pods */,
			);
			sourceTree = "<group>";
		};
		CDAB09831E7DE2D800A142DC /* Products */ = {
			isa = PBXGroup;
			children = (
				CDAB09821E7DE2D800A142DC /* MVChat.app */,
			);
			name = Products;
			sourceTree = "<group>";
		};
		CDAB09841E7DE2D800A142DC /* MVChat */ = {
			isa = PBXGroup;
			children = (
				CD28B3481EB6A5F800BFFCAA /* AppDelegate.h */,
				CD28B3491EB6A5F800BFFCAA /* AppDelegate.m */,
				CD6C2A401EC609F90007BA05 /* Helpers */,
				CDF479BC1EB68DE3003B3C8E /* Model */,
				CDF479B81EB68DB4003B3C8E /* Controller */,
				CDF479C61EB6993F003B3C8E /* View */,
				CDAB09851E7DE2D800A142DC /* Supporting Files */,
				CD28B34B1EB6A61000BFFCAA /* LaunchScreen.storyboard */,
				CD28B34D1EB6A61000BFFCAA /* Main.storyboard */,
				CDAB09961E7DE2D800A142DC /* Info.plist */,
				CDAB09911E7DE2D800A142DC /* Assets.xcassets */,
			);
			path = MVChat;
			sourceTree = "<group>";
		};
		CDAB09851E7DE2D800A142DC /* Supporting Files */ = {
			isa = PBXGroup;
			children = (
				CDAB09861E7DE2D800A142DC /* main.m */,
				CD0550921F0939E60076FB25 /* name.csv */,
				CD0550931F0939E60076FB25 /* syllable.csv */,
				CD0550941F0939E60076FB25 /* title.csv */,
			);
			name = "Supporting Files";
			sourceTree = "<group>";
		};
		CDB89D3B1F2242E10024BFDB /* Chats List */ = {
			isa = PBXGroup;
			children = (
				CDB89D381F2242DB0024BFDB /* MVChatsListCell.h */,
				CDB89D391F2242DB0024BFDB /* MVChatsListCell.m */,
				CD05F68B1F2B67DD00721421 /* MVChatsListSearchCollectionViewCell.h */,
				CD05F68C1F2B67DD00721421 /* MVChatsListSearchCollectionViewCell.m */,
			);
			name = "Chats List";
			sourceTree = "<group>";
		};
		CDEA5CBD1EC746AF004C7433 /* Managers */ = {
			isa = PBXGroup;
			children = (
				CD28B3941EBCA72E00BFFCAA /* MVContactManager.h */,
				CD28B3951EBCA72E00BFFCAA /* MVContactManager.m */,
				CD28B35A1EB6A63300BFFCAA /* MVChatManager.h */,
				CD28B35B1EB6A63300BFFCAA /* MVChatManager.m */,
				CD0550881F06E8110076FB25 /* MVDatabaseManager.h */,
				CD0550891F06E8110076FB25 /* MVDatabaseManager.m */,
				CDB97CDE1F43522800950F6A /* MVFileManager.h */,
				CDB97CDF1F43522800950F6A /* MVFileManager.m */,
			);
			name = Managers;
			sourceTree = "<group>";
		};
		CDEA5CBE1EC746BA004C7433 /* Models */ = {
			isa = PBXGroup;
			children = (
				CD28B35C1EB6A63300BFFCAA /* MVContactModel.h */,
				CD28B35D1EB6A63300BFFCAA /* MVContactModel.m */,
				CD28B35E1EB6A63300BFFCAA /* MVMessageModel.h */,
				CD28B35F1EB6A63300BFFCAA /* MVMessageModel.m */,
				CD2048A41EC4F17C00EDDFA8 /* MVChatModel.h */,
				CD2048A51EC4F17C00EDDFA8 /* MVChatModel.m */,
			);
			name = Models;
			sourceTree = "<group>";
		};
		CDEA5CBF1EC746C6004C7433 /* Chat */ = {
			isa = PBXGroup;
			children = (
				CDF479AD1EB66C00003B3C8E /* MVChatViewController.h */,
				CDF479AE1EB66C00003B3C8E /* MVChatViewController.m */,
				CDF479B21EB68980003B3C8E /* MVMessagesViewController.h */,
				CDF479B31EB68980003B3C8E /* MVMessagesViewController.m */,
				CDF479B51EB68AAF003B3C8E /* MVFooterViewController.h */,
				CDF479B61EB68AAF003B3C8E /* MVFooterViewController.m */,
			);
			name = Chat;
			sourceTree = "<group>";
		};
		CDEA5CC01EC746D0004C7433 /* Chats List */ = {
			isa = PBXGroup;
			children = (
				CD6C2A4C1EC61A640007BA05 /* MVChatsListViewController.h */,
				CD6C2A4D1EC61A640007BA05 /* MVChatsListViewController.m */,
				CD05F6821F2A631500721421 /* MVChatsListSearchViewController.h */,
				CD05F6831F2A631500721421 /* MVChatsListSearchViewController.m */,
			);
			name = "Chats List";
			sourceTree = "<group>";
		};
		CDEA5CC11EC746E6004C7433 /* Chat */ = {
			isa = PBXGroup;
			children = (
				CDF479C31EB6993A003B3C8E /* MVMessageCell.h */,
				CDF479C41EB6993A003B3C8E /* MVMessageCell.m */,
				CD28B3671EB7694700BFFCAA /* MVSlidingCell.h */,
				CD28B38D1EB7E1D100BFFCAA /* MVMessageHeader.h */,
				CD28B38E1EB7E1D100BFFCAA /* MVMessageHeader.m */,
				CD4059811F4B168D00808D3A /* MVSystemMessageCell.h */,
				CD4059821F4B168D00808D3A /* MVSystemMessageCell.m */,
			);
			name = Chat;
			sourceTree = "<group>";
		};
		CDF479B81EB68DB4003B3C8E /* Controller */ = {
			isa = PBXGroup;
			children = (
				CD0503631F27D20D00A1C4D2 /* Contacts List */,
				CDEA5CC01EC746D0004C7433 /* Chats List */,
				CDEA5CBF1EC746C6004C7433 /* Chat */,
				CD05F6851F2A8B9200721421 /* MVNavigationController.h */,
				CD05F6861F2A8B9200721421 /* MVNavigationController.m */,
				CD05F6881F2A8BC900721421 /* MVTabBarController.h */,
				CD05F6891F2A8BC900721421 /* MVTabBarController.m */,
				CD61CFA31F2E3A6A00A5884D /* MVSearchProviderDelegate.h */,
				CD2C9F821F3F421600BB38DA /* MVChatSettingsViewController.h */,
				CD2C9F831F3F421600BB38DA /* MVChatSettingsViewController.m */,
				CD6FAF671F45EE70001E110C /* MVContactProfileViewController.h */,
				CD6FAF681F45EE70001E110C /* MVContactProfileViewController.m */,
			);
			name = Controller;
			sourceTree = "<group>";
		};
		CDF479BC1EB68DE3003B3C8E /* Model */ = {
			isa = PBXGroup;
			children = (
				CDEA5CBD1EC746AF004C7433 /* Managers */,
				CDEA5CBE1EC746BA004C7433 /* Models */,
			);
			name = Model;
			sourceTree = "<group>";
		};
		CDF479C61EB6993F003B3C8E /* View */ = {
			isa = PBXGroup;
			children = (
				CD0503671F27D2FB00A1C4D2 /* Contacts List */,
				CDB89D3B1F2242E10024BFDB /* Chats List */,
				CDEA5CC11EC746E6004C7433 /* Chat */,
				CD61CF9D1F2E2C9D00A5884D /* MVTableViewHeader.h */,
				CD61CF9E1F2E2C9D00A5884D /* MVTableViewHeader.m */,
			);
			name = View;
			sourceTree = "<group>";
		};
		E3E3FBD0C3B75998100C9D3B /* Pods */ = {
			isa = PBXGroup;
			children = (
				65B8EC006E287C9438A32E98 /* Pods-MVChat.release.xcconfig */,
				8C95387DB1A2847D8AC2786A /* Pods-MVChat.debug.xcconfig */,
			);
			name = Pods;
			sourceTree = "<group>";
		};
/* End PBXGroup section */

/* Begin PBXNativeTarget section */
		CDAB09811E7DE2D800A142DC /* MVChat */ = {
			isa = PBXNativeTarget;
			buildConfigurationList = CDAB09991E7DE2D800A142DC /* Build configuration list for PBXNativeTarget "MVChat" */;
			buildPhases = (
				997021F8A8AF811076243271 /* [CP] Check Pods Manifest.lock */,
				CDAB097E1E7DE2D800A142DC /* Sources */,
				CDAB097F1E7DE2D800A142DC /* Frameworks */,
				CDAB09801E7DE2D800A142DC /* Resources */,
				92E162212883BEF752CA799B /* [CP] Embed Pods Frameworks */,
				0F08165C853506275C5AEA59 /* [CP] Copy Pods Resources */,
			);
			buildRules = (
			);
			dependencies = (
			);
			name = MVChat;
			productName = MVChat;
			productReference = CDAB09821E7DE2D800A142DC /* MVChat.app */;
			productType = "com.apple.product-type.application";
		};
/* End PBXNativeTarget section */

/* Begin PBXProject section */
		CDAB097A1E7DE2D800A142DC /* Project object */ = {
			isa = PBXProject;
			attributes = {
				LastUpgradeCheck = 0820;
				ORGANIZATIONNAME = "Mark Vasiv";
				TargetAttributes = {
					CDAB09811E7DE2D800A142DC = {
						CreatedOnToolsVersion = 8.2.1;
						DevelopmentTeam = FS86HTCRQ5;
						ProvisioningStyle = Automatic;
					};
				};
			};
			buildConfigurationList = CDAB097D1E7DE2D800A142DC /* Build configuration list for PBXProject "MVChat" */;
			compatibilityVersion = "Xcode 3.2";
			developmentRegion = English;
			hasScannedForEncodings = 0;
			knownRegions = (
				en,
				Base,
			);
			mainGroup = CDAB09791E7DE2D800A142DC;
			productRefGroup = CDAB09831E7DE2D800A142DC /* Products */;
			projectDirPath = "";
			projectRoot = "";
			targets = (
				CDAB09811E7DE2D800A142DC /* MVChat */,
			);
		};
/* End PBXProject section */

/* Begin PBXResourcesBuildPhase section */
		CDAB09801E7DE2D800A142DC /* Resources */ = {
			isa = PBXResourcesBuildPhase;
			buildActionMask = 2147483647;
			files = (
				CD28B3501EB6A61000BFFCAA /* Main.storyboard in Resources */,
				CD0550961F0939E60076FB25 /* syllable.csv in Resources */,
				CD0550951F0939E60076FB25 /* name.csv in Resources */,
				CDAB09921E7DE2D800A142DC /* Assets.xcassets in Resources */,
				CD28B34F1EB6A61000BFFCAA /* LaunchScreen.storyboard in Resources */,
				CD0550971F0939E60076FB25 /* title.csv in Resources */,
			);
			runOnlyForDeploymentPostprocessing = 0;
		};
/* End PBXResourcesBuildPhase section */

/* Begin PBXShellScriptBuildPhase section */
		0F08165C853506275C5AEA59 /* [CP] Copy Pods Resources */ = {
			isa = PBXShellScriptBuildPhase;
			buildActionMask = 2147483647;
			files = (
			);
			inputPaths = (
				"${SRCROOT}/Pods/Target Support Files/Pods-MVChat/Pods-MVChat-resources.sh",
				"${PODS_ROOT}/DBAttachmentPickerController/Source/Cells/DBAssetGroupCell.xib",
				"${PODS_ROOT}/DBAttachmentPickerController/Source/Cells/DBThumbnailPhotoCell.xib",
				"${PODS_ROOT}/DBAttachmentPickerController/Source/DBAssetPickerController/DBAssetGroupsViewController.xib",
				"${PODS_ROOT}/DBAttachmentPickerController/Source/DBAssetPickerController/DBAssetItemsViewController.xib",
				$PODS_CONFIGURATION_BUILD_DIR/DBAttachmentPickerController/DBAttachmentPickerController.bundle,
			);
			name = "[CP] Copy Pods Resources";
			outputPaths = (
				"${TARGET_BUILD_DIR}/${UNLOCALIZED_RESOURCES_FOLDER_PATH}",
			);
			runOnlyForDeploymentPostprocessing = 0;
			shellPath = /bin/sh;
			shellScript = "\"${SRCROOT}/Pods/Target Support Files/Pods-MVChat/Pods-MVChat-resources.sh\"\n";
			showEnvVarsInLog = 0;
		};
		92E162212883BEF752CA799B /* [CP] Embed Pods Frameworks */ = {
			isa = PBXShellScriptBuildPhase;
			buildActionMask = 2147483647;
			files = (
			);
			inputPaths = (
			);
			name = "[CP] Embed Pods Frameworks";
			outputPaths = (
			);
			runOnlyForDeploymentPostprocessing = 0;
			shellPath = /bin/sh;
			shellScript = "\"${SRCROOT}/Pods/Target Support Files/Pods-MVChat/Pods-MVChat-frameworks.sh\"\n";
			showEnvVarsInLog = 0;
		};
		997021F8A8AF811076243271 /* [CP] Check Pods Manifest.lock */ = {
			isa = PBXShellScriptBuildPhase;
			buildActionMask = 2147483647;
			files = (
			);
			inputPaths = (
				"${PODS_PODFILE_DIR_PATH}/Podfile.lock",
				"${PODS_ROOT}/Manifest.lock",
			);
			name = "[CP] Check Pods Manifest.lock";
			outputPaths = (
				"$(DERIVED_FILE_DIR)/Pods-MVChat-checkManifestLockResult.txt",
			);
			runOnlyForDeploymentPostprocessing = 0;
			shellPath = /bin/sh;
			shellScript = "diff \"${PODS_PODFILE_DIR_PATH}/Podfile.lock\" \"${PODS_ROOT}/Manifest.lock\" > /dev/null\nif [ $? != 0 ] ; then\n    # print error to STDERR\n    echo \"error: The sandbox is not in sync with the Podfile.lock. Run 'pod install' or update your CocoaPods installation.\" >&2\n    exit 1\nfi\n# This output is used by Xcode 'outputs' to avoid re-running this script phase.\necho \"SUCCESS\" > \"${SCRIPT_OUTPUT_FILE_0}\"\n";
			showEnvVarsInLog = 0;
		};
/* End PBXShellScriptBuildPhase section */

/* Begin PBXSourcesBuildPhase section */
		CDAB097E1E7DE2D800A142DC /* Sources */ = {
			isa = PBXSourcesBuildPhase;
			buildActionMask = 2147483647;
			files = (
				CD28B3621EB6A63300BFFCAA /* MVMessageModel.m in Sources */,
				CD0503621F27D20700A1C4D2 /* MVContactsListController.m in Sources */,
				CD05F6871F2A8B9200721421 /* MVNavigationController.m in Sources */,
				CD05508A1F06E8110076FB25 /* MVDatabaseManager.m in Sources */,
				CDF479C51EB6993A003B3C8E /* MVMessageCell.m in Sources */,
				CD28B34A1EB6A5F800BFFCAA /* AppDelegate.m in Sources */,
				CDAB09871E7DE2D800A142DC /* main.m in Sources */,
				CD28B3961EBCA72E00BFFCAA /* MVContactManager.m in Sources */,
				CD0503661F27D2F300A1C4D2 /* MVContactsListCell.m in Sources */,
				CDB97CE01F43522800950F6A /* MVFileManager.m in Sources */,
				CD28B3611EB6A63300BFFCAA /* MVContactModel.m in Sources */,
				CD28B3601EB6A63300BFFCAA /* MVChatManager.m in Sources */,
				CD0550901F0938D90076FB25 /* MVNameGenerator.m in Sources */,
				CDE957951F1A7B64007AE7EA /* MVDataAggregator.m in Sources */,
				CDF479AF1EB66C00003B3C8E /* MVChatViewController.m in Sources */,
				CD05F68D1F2B67DD00721421 /* MVChatsListSearchCollectionViewCell.m in Sources */,
				CD05509A1F0951B70076FB25 /* MVTextGenerator.m in Sources */,
				CD2C9F841F3F421600BB38DA /* MVChatSettingsViewController.m in Sources */,
				CD2048A61EC4F17C00EDDFA8 /* MVChatModel.m in Sources */,
				CD61CF9F1F2E2C9D00A5884D /* MVTableViewHeader.m in Sources */,
				CD6FAF691F45EE70001E110C /* MVContactProfileViewController.m in Sources */,
				CD05F68A1F2A8BC900721421 /* MVTabBarController.m in Sources */,
				CDB89D3A1F2242DB0024BFDB /* MVChatsListCell.m in Sources */,
				CD05F6841F2A631500721421 /* MVChatsListSearchViewController.m in Sources */,
				CD4059831F4B168D00808D3A /* MVSystemMessageCell.m in Sources */,
				CD0550851F0573E50076FB25 /* MVJsonHelper.m in Sources */,
				CD6C2A4E1EC61A640007BA05 /* MVChatsListViewController.m in Sources */,
				CDF479B71EB68AAF003B3C8E /* MVFooterViewController.m in Sources */,
				CDF479B41EB68980003B3C8E /* MVMessagesViewController.m in Sources */,
				CD28B38F1EB7E1D100BFFCAA /* MVMessageHeader.m in Sources */,
				CD6C2A3F1EC609F00007BA05 /* MVRandomGenerator.m in Sources */,
				CD61CFA21F2E3A0000A5884D /* MVContactsListSearchViewController.m in Sources */,
				CD05508D1F07F67B0076FB25 /* NSObject+Serialization.m in Sources */,
			);
			runOnlyForDeploymentPostprocessing = 0;
		};
/* End PBXSourcesBuildPhase section */

/* Begin PBXVariantGroup section */
		CD28B34B1EB6A61000BFFCAA /* LaunchScreen.storyboard */ = {
			isa = PBXVariantGroup;
			children = (
				CD28B34C1EB6A61000BFFCAA /* Base */,
			);
			name = LaunchScreen.storyboard;
			sourceTree = "<group>";
		};
		CD28B34D1EB6A61000BFFCAA /* Main.storyboard */ = {
			isa = PBXVariantGroup;
			children = (
				CD28B34E1EB6A61000BFFCAA /* Base */,
			);
			name = Main.storyboard;
			sourceTree = "<group>";
		};
/* End PBXVariantGroup section */

/* Begin XCBuildConfiguration section */
		CD28B3651EB6AF7800BFFCAA /* Debug */ = {
			isa = XCBuildConfiguration;
			buildSettings = {
				ALWAYS_SEARCH_USER_PATHS = NO;
				CLANG_ANALYZER_NONNULL = YES;
				CLANG_CXX_LANGUAGE_STANDARD = "gnu++0x";
				CLANG_CXX_LIBRARY = "libc++";
				CLANG_ENABLE_MODULES = YES;
				CLANG_ENABLE_OBJC_ARC = YES;
				CLANG_WARN_BOOL_CONVERSION = YES;
				CLANG_WARN_CONSTANT_CONVERSION = YES;
				CLANG_WARN_DIRECT_OBJC_ISA_USAGE = YES_ERROR;
				CLANG_WARN_DOCUMENTATION_COMMENTS = YES;
				CLANG_WARN_EMPTY_BODY = YES;
				CLANG_WARN_ENUM_CONVERSION = YES;
				CLANG_WARN_INFINITE_RECURSION = YES;
				CLANG_WARN_INT_CONVERSION = YES;
				CLANG_WARN_OBJC_ROOT_CLASS = YES_ERROR;
				CLANG_WARN_SUSPICIOUS_MOVE = YES;
				CLANG_WARN_UNREACHABLE_CODE = YES;
				CLANG_WARN__DUPLICATE_METHOD_MATCH = YES;
				"CODE_SIGN_IDENTITY[sdk=iphoneos*]" = "iPhone Developer";
				COPY_PHASE_STRIP = NO;
				DEBUG_INFORMATION_FORMAT = "dwarf-with-dsym";
				ENABLE_NS_ASSERTIONS = NO;
				ENABLE_STRICT_OBJC_MSGSEND = YES;
				GCC_C_LANGUAGE_STANDARD = gnu99;
				GCC_NO_COMMON_BLOCKS = YES;
				GCC_WARN_64_TO_32_BIT_CONVERSION = YES;
				GCC_WARN_ABOUT_RETURN_TYPE = YES_ERROR;
				GCC_WARN_UNDECLARED_SELECTOR = YES;
				GCC_WARN_UNINITIALIZED_AUTOS = YES_AGGRESSIVE;
				GCC_WARN_UNUSED_FUNCTION = YES;
				GCC_WARN_UNUSED_VARIABLE = YES;
				IPHONEOS_DEPLOYMENT_TARGET = 10.2;
				MTL_ENABLE_DEBUG_INFO = NO;
				SDKROOT = iphoneos;
				VALIDATE_PRODUCT = YES;
			};
			name = Debug;
		};
		CD28B3661EB6AF7800BFFCAA /* Debug */ = {
			isa = XCBuildConfiguration;
			baseConfigurationReference = 8C95387DB1A2847D8AC2786A /* Pods-MVChat.debug.xcconfig */;
			buildSettings = {
				ASSETCATALOG_COMPILER_APPICON_NAME = AppIcon;
				DEVELOPMENT_TEAM = FS86HTCRQ5;
				FRAMEWORK_SEARCH_PATHS = "$(inherited)";
				GCC_OPTIMIZATION_LEVEL = 0;
				INFOPLIST_FILE = MVChat/Info.plist;
				IPHONEOS_DEPLOYMENT_TARGET = 9.0;
				LD_RUNPATH_SEARCH_PATHS = "$(inherited) @executable_path/Frameworks";
				ONLY_ACTIVE_ARCH = YES;
				OTHER_LDFLAGS = "$(inherited)";
				PRODUCT_BUNDLE_IDENTIFIER = markvasiv.MVChat;
				PRODUCT_NAME = "$(TARGET_NAME)";
			};
			name = Debug;
		};
		CDAB09981E7DE2D800A142DC /* Release */ = {
			isa = XCBuildConfiguration;
			buildSettings = {
				ALWAYS_SEARCH_USER_PATHS = NO;
				CLANG_ANALYZER_NONNULL = YES;
				CLANG_CXX_LANGUAGE_STANDARD = "gnu++0x";
				CLANG_CXX_LIBRARY = "libc++";
				CLANG_ENABLE_MODULES = YES;
				CLANG_ENABLE_OBJC_ARC = YES;
				CLANG_WARN_BOOL_CONVERSION = YES;
				CLANG_WARN_CONSTANT_CONVERSION = YES;
				CLANG_WARN_DIRECT_OBJC_ISA_USAGE = YES_ERROR;
				CLANG_WARN_DOCUMENTATION_COMMENTS = YES;
				CLANG_WARN_EMPTY_BODY = YES;
				CLANG_WARN_ENUM_CONVERSION = YES;
				CLANG_WARN_INFINITE_RECURSION = YES;
				CLANG_WARN_INT_CONVERSION = YES;
				CLANG_WARN_OBJC_ROOT_CLASS = YES_ERROR;
				CLANG_WARN_SUSPICIOUS_MOVE = YES;
				CLANG_WARN_UNREACHABLE_CODE = YES;
				CLANG_WARN__DUPLICATE_METHOD_MATCH = YES;
				"CODE_SIGN_IDENTITY[sdk=iphoneos*]" = "iPhone Developer";
				COPY_PHASE_STRIP = NO;
				DEBUG_INFORMATION_FORMAT = "dwarf-with-dsym";
				ENABLE_NS_ASSERTIONS = NO;
				ENABLE_STRICT_OBJC_MSGSEND = YES;
				GCC_C_LANGUAGE_STANDARD = gnu99;
				GCC_NO_COMMON_BLOCKS = YES;
				GCC_WARN_64_TO_32_BIT_CONVERSION = YES;
				GCC_WARN_ABOUT_RETURN_TYPE = YES_ERROR;
				GCC_WARN_UNDECLARED_SELECTOR = YES;
				GCC_WARN_UNINITIALIZED_AUTOS = YES_AGGRESSIVE;
				GCC_WARN_UNUSED_FUNCTION = YES;
				GCC_WARN_UNUSED_VARIABLE = YES;
				IPHONEOS_DEPLOYMENT_TARGET = 10.2;
				MTL_ENABLE_DEBUG_INFO = NO;
				SDKROOT = iphoneos;
				VALIDATE_PRODUCT = YES;
			};
			name = Release;
		};
		CDAB099B1E7DE2D800A142DC /* Release */ = {
			isa = XCBuildConfiguration;
			baseConfigurationReference = 65B8EC006E287C9438A32E98 /* Pods-MVChat.release.xcconfig */;
			buildSettings = {
				ASSETCATALOG_COMPILER_APPICON_NAME = AppIcon;
				DEVELOPMENT_TEAM = FS86HTCRQ5;
				FRAMEWORK_SEARCH_PATHS = "$(inherited)";
				GCC_OPTIMIZATION_LEVEL = s;
				INFOPLIST_FILE = MVChat/Info.plist;
				IPHONEOS_DEPLOYMENT_TARGET = 9.0;
				LD_RUNPATH_SEARCH_PATHS = "$(inherited) @executable_path/Frameworks";
				ONLY_ACTIVE_ARCH = YES;
				OTHER_LDFLAGS = "$(inherited)";
				PRODUCT_BUNDLE_IDENTIFIER = markvasiv.MVChat;
				PRODUCT_NAME = "$(TARGET_NAME)";
			};
			name = Release;
		};
/* End XCBuildConfiguration section */

/* Begin XCConfigurationList section */
		CDAB097D1E7DE2D800A142DC /* Build configuration list for PBXProject "MVChat" */ = {
			isa = XCConfigurationList;
			buildConfigurations = (
				CDAB09981E7DE2D800A142DC /* Release */,
				CD28B3651EB6AF7800BFFCAA /* Debug */,
			);
			defaultConfigurationIsVisible = 0;
			defaultConfigurationName = Release;
		};
		CDAB09991E7DE2D800A142DC /* Build configuration list for PBXNativeTarget "MVChat" */ = {
			isa = XCConfigurationList;
			buildConfigurations = (
				CDAB099B1E7DE2D800A142DC /* Release */,
				CD28B3661EB6AF7800BFFCAA /* Debug */,
			);
			defaultConfigurationIsVisible = 0;
			defaultConfigurationName = Release;
		};
/* End XCConfigurationList section */
	};
	rootObject = CDAB097A1E7DE2D800A142DC /* Project object */;
}
